
Microsoft Visual Studio Solution File, Format Version 12.00
# Visual Studio 2012
Project("{F14B399A-7131-4C87-9E4B-1186C45EF12D}") = "Job Billing", "Job Billing\Job Billing.rptproj", "{A81BC235-299F-464B-B1C3-89CB63146898}"
EndProject
Global
	GlobalSection(SolutionConfigurationPlatforms) = preSolution
		Debug|Default = Debug|Default
		DebugLocal|Default = DebugLocal|Default
		Release|Default = Release|Default
	EndGlobalSection
	GlobalSection(ProjectConfigurationPlatforms) = postSolution
		{A81BC235-299F-464B-B1C3-89CB63146898}.Debug|Default.ActiveCfg = Debug
		{A81BC235-299F-464B-B1C3-89CB63146898}.Debug|Default.Build.0 = Debug
		{A81BC235-299F-464B-B1C3-89CB63146898}.Debug|Default.Deploy.0 = Debug
		{A81BC235-299F-464B-B1C3-89CB63146898}.DebugLocal|Default.ActiveCfg = DebugLocal
		{A81BC235-299F-464B-B1C3-89CB63146898}.DebugLocal|Default.Build.0 = DebugLocal
		{A81BC235-299F-464B-B1C3-89CB63146898}.Release|Default.ActiveCfg = Release
		{A81BC235-299F-464B-B1C3-89CB63146898}.Release|Default.Build.0 = Release
		{A81BC235-299F-464B-B1C3-89CB63146898}.Release|Default.Deploy.0 = Release
	EndGlobalSection
	GlobalSection(SolutionProperties) = preSolution
		HideSolutionNode = FALSE
	EndGlobalSection
EndGlobal
