
Microsoft Visual Studio Solution File, Format Version 12.00
# Visual Studio 2012
Project("{F14B399A-7131-4C87-9E4B-1186C45EF12D}") = "Job Reports", "Job Reports\Job Reports.rptproj", "{F76B093D-B43E-4F5C-A0F2-A6177C676F93}"
EndProject
Global
	GlobalSection(SolutionConfigurationPlatforms) = preSolution
		Debug|Default = Debug|Default
		DebugLocal|Default = DebugLocal|Default
		Release|Default = Release|Default
	EndGlobalSection
	GlobalSection(ProjectConfigurationPlatforms) = postSolution
		{F76B093D-B43E-4F5C-A0F2-A6177C676F93}.Debug|Default.ActiveCfg = Debug
		{F76B093D-B43E-4F5C-A0F2-A6177C676F93}.Debug|Default.Build.0 = Debug
		{F76B093D-B43E-4F5C-A0F2-A6177C676F93}.Debug|Default.Deploy.0 = Debug
		{F76B093D-B43E-4F5C-A0F2-A6177C676F93}.DebugLocal|Default.ActiveCfg = DebugLocal
		{F76B093D-B43E-4F5C-A0F2-A6177C676F93}.DebugLocal|Default.Build.0 = DebugLocal
		{F76B093D-B43E-4F5C-A0F2-A6177C676F93}.Release|Default.ActiveCfg = Release
		{F76B093D-B43E-4F5C-A0F2-A6177C676F93}.Release|Default.Build.0 = Release
		{F76B093D-B43E-4F5C-A0F2-A6177C676F93}.Release|Default.Deploy.0 = Release
	EndGlobalSection
	GlobalSection(SolutionProperties) = preSolution
		HideSolutionNode = FALSE
	EndGlobalSection
EndGlobal
