
Microsoft Visual Studio Solution File, Format Version 12.00
# Visual Studio 2013
VisualStudioVersion = 12.0.31101.0
MinimumVisualStudioVersion = 10.0.40219.1
Project("{F14B399A-7131-4C87-9E4B-1186C45EF12D}") = "Crews", "Crews\Crews.rptproj", "{FC1B0C0F-F032-4C65-A825-959A7B17293B}"
EndProject
Global
	GlobalSection(SolutionConfigurationPlatforms) = preSolution
		Debug|Default = Debug|Default
		DebugLocal|Default = DebugLocal|Default
		Release|Default = Release|Default
	EndGlobalSection
	GlobalSection(ProjectConfigurationPlatforms) = postSolution
		{FC1B0C0F-F032-4C65-A825-959A7B17293B}.Debug|Default.ActiveCfg = Debug
		{FC1B0C0F-F032-4C65-A825-959A7B17293B}.Debug|Default.Build.0 = Debug
		{FC1B0C0F-F032-4C65-A825-959A7B17293B}.Debug|Default.Deploy.0 = Debug
		{FC1B0C0F-F032-4C65-A825-959A7B17293B}.DebugLocal|Default.ActiveCfg = DebugLocal
		{FC1B0C0F-F032-4C65-A825-959A7B17293B}.DebugLocal|Default.Build.0 = DebugLocal
		{FC1B0C0F-F032-4C65-A825-959A7B17293B}.Release|Default.ActiveCfg = Release
		{FC1B0C0F-F032-4C65-A825-959A7B17293B}.Release|Default.Build.0 = Release
		{FC1B0C0F-F032-4C65-A825-959A7B17293B}.Release|Default.Deploy.0 = Release
	EndGlobalSection
	GlobalSection(SolutionProperties) = preSolution
		HideSolutionNode = FALSE
	EndGlobalSection
EndGlobal
