
Microsoft Visual Studio Solution File, Format Version 12.00
# Visual Studio 2013
VisualStudioVersion = 12.0.31101.0
MinimumVisualStudioVersion = 10.0.40219.1
Project("{F14B399A-7131-4C87-9E4B-1186C45EF12D}") = "AEP Reports", "AEP Reports\AEP Reports.rptproj", "{BE2349A7-6867-479E-8C13-B04E9981C452}"
EndProject
Global
	GlobalSection(SolutionConfigurationPlatforms) = preSolution
		Debug|Default = Debug|Default
		DebugLocal|Default = DebugLocal|Default
		Release|Default = Release|Default
	EndGlobalSection
	GlobalSection(ProjectConfigurationPlatforms) = postSolution
		{BE2349A7-6867-479E-8C13-B04E9981C452}.Debug|Default.ActiveCfg = Debug
		{BE2349A7-6867-479E-8C13-B04E9981C452}.Debug|Default.Build.0 = Debug
		{BE2349A7-6867-479E-8C13-B04E9981C452}.Debug|Default.Deploy.0 = Debug
		{BE2349A7-6867-479E-8C13-B04E9981C452}.DebugLocal|Default.ActiveCfg = DebugLocal
		{BE2349A7-6867-479E-8C13-B04E9981C452}.DebugLocal|Default.Build.0 = DebugLocal
		{BE2349A7-6867-479E-8C13-B04E9981C452}.Release|Default.ActiveCfg = Release
		{BE2349A7-6867-479E-8C13-B04E9981C452}.Release|Default.Build.0 = Release
		{BE2349A7-6867-479E-8C13-B04E9981C452}.Release|Default.Deploy.0 = Release
	EndGlobalSection
	GlobalSection(SolutionProperties) = preSolution
		HideSolutionNode = FALSE
	EndGlobalSection
EndGlobal
