
Microsoft Visual Studio Solution File, Format Version 12.00
# Visual Studio 2013
VisualStudioVersion = 12.0.31101.0
MinimumVisualStudioVersion = 10.0.40219.1
Project("{F14B399A-7131-4C87-9E4B-1186C45EF12D}") = "Taylor Electric", "Taylor Electric\Taylor Electric.rptproj", "{9C9EF1DF-635A-4243-9F11-0110377C871D}"
EndProject
Global
	GlobalSection(SolutionConfigurationPlatforms) = preSolution
		Debug|Default = Debug|Default
		DebugLocal|Default = DebugLocal|Default
		Release|Default = Release|Default
	EndGlobalSection
	GlobalSection(ProjectConfigurationPlatforms) = postSolution
		{9C9EF1DF-635A-4243-9F11-0110377C871D}.Debug|Default.ActiveCfg = Debug
		{9C9EF1DF-635A-4243-9F11-0110377C871D}.Debug|Default.Build.0 = Debug
		{9C9EF1DF-635A-4243-9F11-0110377C871D}.Debug|Default.Deploy.0 = Debug
		{9C9EF1DF-635A-4243-9F11-0110377C871D}.DebugLocal|Default.ActiveCfg = DebugLocal
		{9C9EF1DF-635A-4243-9F11-0110377C871D}.DebugLocal|Default.Build.0 = DebugLocal
		{9C9EF1DF-635A-4243-9F11-0110377C871D}.Release|Default.ActiveCfg = Release
		{9C9EF1DF-635A-4243-9F11-0110377C871D}.Release|Default.Build.0 = Release
		{9C9EF1DF-635A-4243-9F11-0110377C871D}.Release|Default.Deploy.0 = Release
	EndGlobalSection
	GlobalSection(SolutionProperties) = preSolution
		HideSolutionNode = FALSE
	EndGlobalSection
EndGlobal
