
Microsoft Visual Studio Solution File, Format Version 12.00
# Visual Studio 2013
VisualStudioVersion = 12.0.31101.0
MinimumVisualStudioVersion = 10.0.40219.1
Project("{F14B399A-7131-4C87-9E4B-1186C45EF12D}") = "Georgetown Reports", "Georgetown Reports\Georgetown Reports.rptproj", "{A7D9EB97-98FC-4A04-A67B-7D0A278F6472}"
EndProject
Global
	GlobalSection(SolutionConfigurationPlatforms) = preSolution
		Debug|Default = Debug|Default
		DebugLocal|Default = DebugLocal|Default
		Release|Default = Release|Default
	EndGlobalSection
	GlobalSection(ProjectConfigurationPlatforms) = postSolution
		{A7D9EB97-98FC-4A04-A67B-7D0A278F6472}.Debug|Default.ActiveCfg = Debug
		{A7D9EB97-98FC-4A04-A67B-7D0A278F6472}.Debug|Default.Build.0 = Debug
		{A7D9EB97-98FC-4A04-A67B-7D0A278F6472}.Debug|Default.Deploy.0 = Debug
		{A7D9EB97-98FC-4A04-A67B-7D0A278F6472}.DebugLocal|Default.ActiveCfg = DebugLocal
		{A7D9EB97-98FC-4A04-A67B-7D0A278F6472}.DebugLocal|Default.Build.0 = DebugLocal
		{A7D9EB97-98FC-4A04-A67B-7D0A278F6472}.Release|Default.ActiveCfg = Release
		{A7D9EB97-98FC-4A04-A67B-7D0A278F6472}.Release|Default.Build.0 = Release
		{A7D9EB97-98FC-4A04-A67B-7D0A278F6472}.Release|Default.Deploy.0 = Release
	EndGlobalSection
	GlobalSection(SolutionProperties) = preSolution
		HideSolutionNode = FALSE
	EndGlobalSection
EndGlobal
